
Microsoft Visual Studio Solution File, Format Version 12.00
# Visual Studio Version 16
VisualStudioVersion = 16.0.30413.136
MinimumVisualStudioVersion = 10.0.40219.1
Project("{FAE04EC0-301F-11D3-BF4B-00C04F79EFBC}") = "Step 186", "Step 186.csproj", "{0E92EF86-D7FF-441D-92C4-157A83DBA795}"
EndProject
Global
	GlobalSection(SolutionConfigurationPlatforms) = preSolution
		Debug|Any CPU = Debug|Any CPU
		Release|Any CPU = Release|Any CPU
	EndGlobalSection
	GlobalSection(ProjectConfigurationPlatforms) = postSolution
		{0E92EF86-D7FF-441D-92C4-157A83DBA795}.Debug|Any CPU.ActiveCfg = Debug|Any CPU
		{0E92EF86-D7FF-441D-92C4-157A83DBA795}.Debug|Any CPU.Build.0 = Debug|Any CPU
		{0E92EF86-D7FF-441D-92C4-157A83DBA795}.Release|Any CPU.ActiveCfg = Release|Any CPU
		{0E92EF86-D7FF-441D-92C4-157A83DBA795}.Release|Any CPU.Build.0 = Release|Any CPU
	EndGlobalSection
	GlobalSection(SolutionProperties) = preSolution
		HideSolutionNode = FALSE
	EndGlobalSection
	GlobalSection(ExtensibilityGlobals) = postSolution
		SolutionGuid = {ECEBD2B0-B8B8-4944-83FF-83BF97C64F36}
	EndGlobalSection
EndGlobal
